PODS:
  - ReactiveCocoa (2.5):
    - ReactiveCocoa/UI (= 2.5)
  - ReactiveCocoa/Core (2.5):
    - ReactiveCocoa/no-arc
  - ReactiveCocoa/no-arc (2.5)
  - ReactiveCocoa/UI (2.5):
    - ReactiveCocoa/Core
  - WCDB (1.0.6):
    - WCDB/sqlcipher (= 1.0.6)
  - WCDB/sqlcipher (1.0.6)

DEPENDENCIES:
  - ReactiveCocoa (~> 2.5)
  - WCDB (~> 1.0.5)

SPEC REPOS:
  https://github.com/CocoaPods/Specs.git:
    - ReactiveCocoa
    - WCDB

SPEC CHECKSUMS:
  ReactiveCocoa: e2db045570aa97c695e7aa97c2bcab222ae51f4a
  WCDB: 4d2926bf695b2e00d785b50afd32c2dcc8cbbd98

PODFILE CHECKSUM: ee4c2509c96310a2ece9891217ef6c6a826a601f

COCOAPODS: 1.5.0
